
Microsoft Visual Studio Solution File, Format Version 12.00
# Visual Studio 2012
Project("{FAE04EC0-301F-11D3-BF4B-00C04F79EFBC}") = "VideosMenuUI", "VideosMenuUI\VideosMenuUI.csproj", "{D7BE6BA3-68AE-4B64-B015-E26040948387}"
EndProject
Project("{FAE04EC0-301F-11D3-BF4B-00C04F79EFBC}") = "VideosMenuBLL", "VideosMenuBLL\VideosMenuBLL.csproj", "{83770EEE-74CB-45FA-AF15-73D7CA7834FC}"
EndProject
Project("{FAE04EC0-301F-11D3-BF4B-00C04F79EFBC}") = "VideosMenuDAL", "VideosMenuDAL\VideosMenuDAL.csproj", "{30BC8FAC-5178-4AEC-9ADC-E58E07C4978D}"
EndProject
Project("{FAE04EC0-301F-11D3-BF4B-00C04F79EFBC}") = "VideoRestAPI", "VideoRestAPI\VideoRestAPI.csproj", "{ED263825-9EB2-4CBA-B0D6-5508C66F8F59}"
EndProject
Global
	GlobalSection(SolutionConfigurationPlatforms) = preSolution
		Debug|Any CPU = Debug|Any CPU
		Release|Any CPU = Release|Any CPU
	EndGlobalSection
	GlobalSection(ProjectConfigurationPlatforms) = postSolution
		{D7BE6BA3-68AE-4B64-B015-E26040948387}.Debug|Any CPU.ActiveCfg = Debug|Any CPU
		{D7BE6BA3-68AE-4B64-B015-E26040948387}.Debug|Any CPU.Build.0 = Debug|Any CPU
		{D7BE6BA3-68AE-4B64-B015-E26040948387}.Release|Any CPU.ActiveCfg = Release|Any CPU
		{D7BE6BA3-68AE-4B64-B015-E26040948387}.Release|Any CPU.Build.0 = Release|Any CPU
		{83770EEE-74CB-45FA-AF15-73D7CA7834FC}.Debug|Any CPU.ActiveCfg = Debug|Any CPU
		{83770EEE-74CB-45FA-AF15-73D7CA7834FC}.Debug|Any CPU.Build.0 = Debug|Any CPU
		{83770EEE-74CB-45FA-AF15-73D7CA7834FC}.Release|Any CPU.ActiveCfg = Release|Any CPU
		{83770EEE-74CB-45FA-AF15-73D7CA7834FC}.Release|Any CPU.Build.0 = Release|Any CPU
		{30BC8FAC-5178-4AEC-9ADC-E58E07C4978D}.Debug|Any CPU.ActiveCfg = Debug|Any CPU
		{30BC8FAC-5178-4AEC-9ADC-E58E07C4978D}.Debug|Any CPU.Build.0 = Debug|Any CPU
		{30BC8FAC-5178-4AEC-9ADC-E58E07C4978D}.Release|Any CPU.ActiveCfg = Release|Any CPU
		{30BC8FAC-5178-4AEC-9ADC-E58E07C4978D}.Release|Any CPU.Build.0 = Release|Any CPU
		{ED263825-9EB2-4CBA-B0D6-5508C66F8F59}.Debug|Any CPU.ActiveCfg = Debug|Any CPU
		{ED263825-9EB2-4CBA-B0D6-5508C66F8F59}.Debug|Any CPU.Build.0 = Debug|Any CPU
		{ED263825-9EB2-4CBA-B0D6-5508C66F8F59}.Release|Any CPU.ActiveCfg = Release|Any CPU
		{ED263825-9EB2-4CBA-B0D6-5508C66F8F59}.Release|Any CPU.Build.0 = Release|Any CPU
	EndGlobalSection
EndGlobal
